
Microsoft Visual Studio Solution File, Format Version 12.00
# Visual Studio 2012
Project("{FAE04EC0-301F-11D3-BF4B-00C04F79EFBC}") = "Clicker", "Clicker\Clicker.csproj", "{27600398-30A4-4B27-829C-1C12C00E674E}"
EndProject
Global
	GlobalSection(SolutionConfigurationPlatforms) = preSolution
		Debug|Any CPU = Debug|Any CPU
		Release|Any CPU = Release|Any CPU
	EndGlobalSection
	GlobalSection(ProjectConfigurationPlatforms) = postSolution
		{27600398-30A4-4B27-829C-1C12C00E674E}.Debug|Any CPU.ActiveCfg = Debug|Any CPU
		{27600398-30A4-4B27-829C-1C12C00E674E}.Debug|Any CPU.Build.0 = Debug|Any CPU
		{27600398-30A4-4B27-829C-1C12C00E674E}.Release|Any CPU.ActiveCfg = Release|Any CPU
		{27600398-30A4-4B27-829C-1C12C00E674E}.Release|Any CPU.Build.0 = Release|Any CPU
	EndGlobalSection
EndGlobal
